Microsoft Visual Studio Solution File, Format Version 12.00
# Visual Studio Version 17
VisualStudioVersion = 17.5.2.0
MinimumVisualStudioVersion = 10.0.40219.1
Project("{FAE04EC0-301F-11D3-BF4B-00C04F79EFBC}") = "IcoConverter", "IcoConverter.csproj", "{D6B05D7A-EA25-4B57-C7A6-50407A79E7B8}"
EndProject
Global
	GlobalSection(SolutionConfigurationPlatforms) = preSolution
		Debug|Any CPU = Debug|Any CPU
		Release|Any CPU = Release|Any CPU
	EndGlobalSection
	GlobalSection(ProjectConfigurationPlatforms) = postSolution
		{D6B05D7A-EA25-4B57-C7A6-50407A79E7B8}.Debug|Any CPU.ActiveCfg = Debug|Any CPU
		{D6B05D7A-EA25-4B57-C7A6-50407A79E7B8}.Debug|Any CPU.Build.0 = Debug|Any CPU
		{D6B05D7A-EA25-4B57-C7A6-50407A79E7B8}.Release|Any CPU.ActiveCfg = Release|Any CPU
		{D6B05D7A-EA25-4B57-C7A6-50407A79E7B8}.Release|Any CPU.Build.0 = Release|Any CPU
	EndGlobalSection
	GlobalSection(SolutionProperties) = preSolution
		HideSolutionNode = FALSE
	EndGlobalSection
	GlobalSection(ExtensibilityGlobals) = postSolution
		SolutionGuid = {DEA2F611-0B21-4897-AA2E-1C2E8E814E52}
	EndGlobalSection
EndGlobal
